// !$*UTF8*$!
{
	archiveVersion = 1;
	classes = {
	};
	objectVersion = 77;
	objects = {

/* Begin PBXBuildFile section */
		DBE361452F3186B10094AABE /* libsqlite3.tbd in Frameworks */ = {isa = PBXBuildFile; fileRef = DBE361442F3186B10094AABE /* libsqlite3.tbd */; };
/* End PBXBuildFile section */

/* Begin PBXContainerItemProxy section */
		DBE3611E2F31722E0094AABE /* PBXContainerItemProxy */ = {
			isa = PBXContainerItemProxy;
			containerPortal = DBE361042F31722D0094AABE /* Project object */;
			proxyType = 1;
			remoteGlobalIDString = DBE3610B2F31722D0094AABE;
			remoteInfo = FocusOS;
		};
		DBE361282F31722E0094AABE /* PBXContainerItemProxy */ = {
			isa = PBXContainerItemProxy;
			containerPortal = DBE361042F31722D0094AABE /* Project object */;
			proxyType = 1;
			remoteGlobalIDString = DBE3610B2F31722D0094AABE;
			remoteInfo = FocusOS;
		};
/* End PBXContainerItemProxy section */

/* Begin PBXFileReference section */
		DBE3610C2F31722D0094AABE /* FocusOS.app */ = {isa = PBXFileReference; explicitFileType = wrapper.application; includeInIndex = 0; path = FocusOS.app; sourceTree = BUILT_PRODUCTS_DIR; };
		DBE3611D2F31722E0094AABE /* FocusOSTests.xctest */ = {isa = PBXFileReference; explicitFileType = wrapper.cfbundle; includeInIndex = 0; path = FocusOSTests.xctest; sourceTree = BUILT_PRODUCTS_DIR; };
		DBE361272F31722E0094AABE /* FocusOSUITests.xctest */ = {isa = PBXFileReference; explicitFileType = wrapper.cfbundle; includeInIndex = 0; path = FocusOSUITests.xctest; sourceTree = BUILT_PRODUCTS_DIR; };
		DBE361442F3186B10094AABE /* libsqlite3.tbd */ = {isa = PBXFileReference; lastKnownFileType = "sourcecode.text-based-dylib-definition"; name = libsqlite3.tbd; path = usr/lib/libsqlite3.tbd; sourceTree = SDKROOT; };
/* End PBXFileReference section */

/* Begin PBXFileSystemSynchronizedRootGroup section */
		DBE3610E2F31722D0094AABE /* FocusOS */ = {
			isa = PBXFileSystemSynchronizedRootGroup;
			path = FocusOS;
			sourceTree = "<group>";
		};
		DBE361202F31722E0094AABE /* FocusOSTests */ = {
			isa = PBXFileSystemSynchronizedRootGroup;
			path = FocusOSTests;
			sourceTree = "<group>";
		};
		DBE3612A2F31722E0094AABE /* FocusOSUITests */ = {
			isa = PBXFileSystemSynchronizedRootGroup;
			path = FocusOSUITests;
			sourceTree = "<group>";
		};
/* End PBXFileSystemSynchronizedRootGroup section */

/* Begin PBXFrameworksBuildPhase section */
		DBE361092F31722D0094AABE /* Frameworks */ = {
			isa = PBXFrameworksBuildPhase;
			buildActionMask = 2147483647;
			files = (
				DBE361452F3186B10094AABE /* libsqlite3.tbd in Frameworks */,
			);
			runOnlyForDeploymentPostprocessing = 0;
		};
		DBE3611A2F31722E0094AABE /* Frameworks */ = {
			isa = PBXFrameworksBuildPhase;
			buildActionMask = 2147483647;
			files = (
			);
			runOnlyForDeploymentPostprocessing = 0;
		};
		DBE361242F31722E0094AABE /* Frameworks */ = {
			isa = PBXFrameworksBuildPhase;
			buildActionMask = 2147483647;
			files = (
			);
			runOnlyForDeploymentPostprocessing = 0;
		};
/* End PBXFrameworksBuildPhase section */

/* Begin PBXGroup section */
		DBE361032F31722D0094AABE = {
			isa = PBXGroup;
			children = (
				DBE3610E2F31722D0094AABE /* FocusOS */,
				DBE361202F31722E0094AABE /* FocusOSTests */,
				DBE3612A2F31722E0094AABE /* FocusOSUITests */,
				DBE361432F3186B10094AABE /* Frameworks */,
				DBE3610D2F31722D0094AABE /* Products */,
			);
			sourceTree = "<group>";
		};
		DBE3610D2F31722D0094AABE /* Products */ = {
			isa = PBXGroup;
			children = (
				DBE3610C2F31722D0094AABE /* FocusOS.app */,
				DBE3611D2F31722E0094AABE /* FocusOSTests.xctest */,
				DBE361272F31722E0094AABE /* FocusOSUITests.xctest */,
			);
			name = Products;
			sourceTree = "<group>";
		};
		DBE361432F3186B10094AABE /* Frameworks */ = {
			isa = PBXGroup;
			children = (
				DBE361442F3186B10094AABE /* libsqlite3.tbd */,
			);
			name = Frameworks;
			sourceTree = "<group>";
		};
/* End PBXGroup section */

/* Begin PBXNativeTarget section */
		DBE3610B2F31722D0094AABE /* FocusOS */ = {
			isa = PBXNativeTarget;
			buildConfigurationList = DBE361312F31722E0094AABE /* Build configuration list for PBXNativeTarget "FocusOS" */;
			buildPhases = (
				DBE361082F31722D0094AABE /* Sources */,
				DBE361092F31722D0094AABE /* Frameworks */,
				DBE3610A2F31722D0094AABE /* Resources */,
			);
			buildRules = (
			);
			dependencies = (
			);
			fileSystemSynchronizedGroups = (
				DBE3610E2F31722D0094AABE /* FocusOS */,
			);
			name = FocusOS;
			packageProductDependencies = (
			);
			productName = FocusOS;
			productReference = DBE3610C2F31722D0094AABE /* FocusOS.app */;
			productType = "com.apple.product-type.application";
		};
		DBE3611C2F31722E0094AABE /* FocusOSTests */ = {
			isa = PBXNativeTarget;
			buildConfigurationList = DBE361342F31722E0094AABE /* Build configuration list for PBXNativeTarget "FocusOSTests" */;
			buildPhases = (
				DBE361192F31722E0094AABE /* Sources */,
				DBE3611A2F31722E0094AABE /* Frameworks */,
				DBE3611B2F31722E0094AABE /* Resources */,
			);
			buildRules = (
			);
			dependencies = (
				DBE3611F2F31722E0094AABE /* PBXTargetDependency */,
			);
			fileSystemSynchronizedGroups = (
				DBE361202F31722E0094AABE /* FocusOSTests */,
			);
			name = FocusOSTests;
			packageProductDependencies = (
			);
			productName = FocusOSTests;
			productReference = DBE3611D2F31722E0094AABE /* FocusOSTests.xctest */;
			productType = "com.apple.product-type.bundle.unit-test";
		};
		DBE361262F31722E0094AABE /* FocusOSUITests */ = {
			isa = PBXNativeTarget;
			buildConfigurationList = DBE361372F31722E0094AABE /* Build configuration list for PBXNativeTarget "FocusOSUITests" */;
			buildPhases = (
				DBE361232F31722E0094AABE /* Sources */,
				DBE361242F31722E0094AABE /* Frameworks */,
				DBE361252F31722E0094AABE /* Resources */,
			);
			buildRules = (
			);
			dependencies = (
				DBE361292F31722E0094AABE /* PBXTargetDependency */,
			);
			fileSystemSynchronizedGroups = (
				DBE3612A2F31722E0094AABE /* FocusOSUITests */,
			);
			name = FocusOSUITests;
			packageProductDependencies = (
			);
			productName = FocusOSUITests;
			productReference = DBE361272F31722E0094AABE /* FocusOSUITests.xctest */;
			productType = "com.apple.product-type.bundle.ui-testing";
		};
/* End PBXNativeTarget section */

/* Begin PBXProject section */
		DBE361042F31722D0094AABE /* Project object */ = {
			isa = PBXProject;
			attributes = {
				BuildIndependentTargetsInParallel = 1;
				LastSwiftUpdateCheck = 1620;
				LastUpgradeCheck = 1620;
				TargetAttributes = {
					DBE3610B2F31722D0094AABE = {
						CreatedOnToolsVersion = 16.2;
					};
					DBE3611C2F31722E0094AABE = {
						CreatedOnToolsVersion = 16.2;
						TestTargetID = DBE3610B2F31722D0094AABE;
					};
					DBE361262F31722E0094AABE = {
						CreatedOnToolsVersion = 16.2;
						TestTargetID = DBE3610B2F31722D0094AABE;
					};
				};
			};
			buildConfigurationList = DBE361072F31722D0094AABE /* Build configuration list for PBXProject "FocusOS" */;
			developmentRegion = en;
			hasScannedForEncodings = 0;
			knownRegions = (
				en,
				Base,
			);
			mainGroup = DBE361032F31722D0094AABE;
			minimizedProjectReferenceProxies = 1;
			preferredProjectObjectVersion = 77;
			productRefGroup = DBE3610D2F31722D0094AABE /* Products */;
			projectDirPath = "";
			projectRoot = "";
			targets = (
				DBE3610B2F31722D0094AABE /* FocusOS */,
				DBE3611C2F31722E0094AABE /* FocusOSTests */,
				DBE361262F31722E0094AABE /* FocusOSUITests */,
			);
		};
/* End PBXProject section */

/* Begin PBXResourcesBuildPhase section */
		DBE3610A2F31722D0094AABE /* Resources */ = {
			isa = PBXResourcesBuildPhase;
			buildActionMask = 2147483647;
			files = (
			);
			runOnlyForDeploymentPostprocessing = 0;
		};
		DBE3611B2F31722E0094AABE /* Resources */ = {
			isa = PBXResourcesBuildPhase;
			buildActionMask = 2147483647;
			files = (
			);
			runOnlyForDeploymentPostprocessing = 0;
		};
		DBE361252F31722E0094AABE /* Resources */ = {
			isa = PBXResourcesBuildPhase;
			buildActionMask = 2147483647;
			files = (
			);
			runOnlyForDeploymentPostprocessing = 0;
		};
/* End PBXResourcesBuildPhase section */

/* Begin PBXSourcesBuildPhase section */
		DBE361082F31722D0094AABE /* Sources */ = {
			isa = PBXSourcesBuildPhase;
			buildActionMask = 2147483647;
			files = (
			);
			runOnlyForDeploymentPostprocessing = 0;
		};
		DBE361192F31722E0094AABE /* Sources */ = {
			isa = PBXSourcesBuildPhase;
			buildActionMask = 2147483647;
			files = (
			);
			runOnlyForDeploymentPostprocessing = 0;
		};
		DBE361232F31722E0094AABE /* Sources */ = {
			isa = PBXSourcesBuildPhase;
			buildActionMask = 2147483647;
			files = (
			);
			runOnlyForDeploymentPostprocessing = 0;
		};
/* End PBXSourcesBuildPhase section */

/* Begin PBXTargetDependency section */
		DBE3611F2F31722E0094AABE /* PBXTargetDependency */ = {
			isa = PBXTargetDependency;
			target = DBE3610B2F31722D0094AABE /* FocusOS */;
			targetProxy = DBE3611E2F31722E0094AABE /* PBXContainerItemProxy */;
		};
		DBE361292F31722E0094AABE /* PBXTargetDependency */ = {
			isa = PBXTargetDependency;
			target = DBE3610B2F31722D0094AABE /* FocusOS */;
			targetProxy = DBE361282F31722E0094AABE /* PBXContainerItemProxy */;
		};
/* End PBXTargetDependency section */

/* Begin XCBuildConfiguration section */
		DBE3612F2F31722E0094AABE /* Debug */ = {
			isa = XCBuildConfiguration;
			buildSettings = {
				ALWAYS_SEARCH_USER_PATHS = NO;
				ASSETCATALOG_COMPILER_GENERATE_SWIFT_ASSET_SYMBOL_EXTENSIONS = YES;
				CLANG_ANALYZER_NONNULL = YES;
				CLANG_ANALYZER_NUMBER_OBJECT_CONVERSION = YES_AGGRESSIVE;
				CLANG_CXX_LANGUAGE_STANDARD = "gnu++20";
				CLANG_ENABLE_MODULES = YES;
				CLANG_ENABLE_OBJC_ARC = YES;
				CLANG_ENABLE_OBJC_WEAK = YES;
				CLANG_WARN_BLOCK_CAPTURE_AUTORELEASING = YES;
				CLANG_WARN_BOOL_CONVERSION = YES;
				CLANG_WARN_COMMA = YES;
				CLANG_WARN_CONSTANT_CONVERSION = YES;
				CLANG_WARN_DEPRECATED_OBJC_IMPLEMENTATIONS = YES;
				CLANG_WARN_DIRECT_OBJC_ISA_USAGE = YES_ERROR;
				CLANG_WARN_DOCUMENTATION_COMMENTS = YES;
				CLANG_WARN_EMPTY_BODY = YES;
				CLANG_WARN_ENUM_CONVERSION = YES;
				CLANG_WARN_INFINITE_RECURSION = YES;
				CLANG_WARN_INT_CONVERSION = YES;
				CLANG_WARN_NON_LITERAL_NULL_CONVERSION = YES;
				CLANG_WARN_OBJC_IMPLICIT_RETAIN_SELF = YES;
				CLANG_WARN_OBJC_LITERAL_CONVERSION = YES;
				CLANG_WARN_OBJC_ROOT_CLASS = YES_ERROR;
				CLANG_WARN_QUOTED_INCLUDE_IN_FRAMEWORK_HEADER = YES;
				CLANG_WARN_RANGE_LOOP_ANALYSIS = YES;
				CLANG_WARN_STRICT_PROTOTYPES = YES;
				CLANG_WARN_SUSPICIOUS_MOVE = YES;
				CLANG_WARN_UNGUARDED_AVAILABILITY = YES_AGGRESSIVE;
				CLANG_WARN_UNREACHABLE_CODE = YES;
				CLANG_WARN__DUPLICATE_METHOD_MATCH = YES;
				COPY_PHASE_STRIP = NO;
				DEBUG_INFORMATION_FORMAT = dwarf;
				ENABLE_STRICT_OBJC_MSGSEND = YES;
				ENABLE_TESTABILITY = YES;
				ENABLE_USER_SCRIPT_SANDBOXING = YES;
				GCC_C_LANGUAGE_STANDARD = gnu17;
				GCC_DYNAMIC_NO_PIC = NO;
				GCC_NO_COMMON_BLOCKS = YES;
				GCC_OPTIMIZATION_LEVEL = 0;
				GCC_PREPROCESSOR_DEFINITIONS = (
					"DEBUG=1",
					"$(inherited)",
				);
				GCC_WARN_64_TO_32_BIT_CONVERSION = YES;
				GCC_WARN_ABOUT_RETURN_TYPE = YES_ERROR;
				GCC_WARN_UNDECLARED_SELECTOR = YES;
				GCC_WARN_UNINITIALIZED_AUTOS = YES_AGGRESSIVE;
				GCC_WARN_UNUSED_FUNCTION = YES;
				GCC_WARN_UNUSED_VARIABLE = YES;
				LOCALIZATION_PREFERS_STRING_CATALOGS = YES;
				MACOSX_DEPLOYMENT_TARGET = 15.2;
				MTL_ENABLE_DEBUG_INFO = INCLUDE_SOURCE;
				MTL_FAST_MATH = YES;
				ONLY_ACTIVE_ARCH = YES;
				SDKROOT = macosx;
				SWIFT_ACTIVE_COMPILATION_CONDITIONS = "DEBUG $(inherited)";
				SWIFT_OPTIMIZATION_LEVEL = "-Onone";
			};
			name = Debug;
		};
		DBE361302F31722E0094AABE /* Release */ = {
			isa = XCBuildConfiguration;
			buildSettings = {
				ALWAYS_SEARCH_USER_PATHS = NO;
				ASSETCATALOG_COMPILER_GENERATE_SWIFT_ASSET_SYMBOL_EXTENSIONS = YES;
				CLANG_ANALYZER_NONNULL = YES;
				CLANG_ANALYZER_NUMBER_OBJECT_CONVERSION = YES_AGGRESSIVE;
				CLANG_CXX_LANGUAGE_STANDARD = "gnu++20";
				CLANG_ENABLE_MODULES = YES;
				CLANG_ENABLE_OBJC_ARC = YES;
				CLANG_ENABLE_OBJC_WEAK = YES;
				CLANG_WARN_BLOCK_CAPTURE_AUTORELEASING = YES;
				CLANG_WARN_BOOL_CONVERSION = YES;
				CLANG_WARN_COMMA = YES;
				CLANG_WARN_CONSTANT_CONVERSION = YES;
				CLANG_WARN_DEPRECATED_OBJC_IMPLEMENTATIONS = YES;
				CLANG_WARN_DIRECT_OBJC_ISA_USAGE = YES_ERROR;
				CLANG_WARN_DOCUMENTATION_COMMENTS = YES;
				CLANG_WARN_EMPTY_BODY = YES;
				CLANG_WARN_ENUM_CONVERSION = YES;
				CLANG_WARN_INFINITE_RECURSION = YES;
				CLANG_WARN_INT_CONVERSION = YES;
				CLANG_WARN_NON_LITERAL_NULL_CONVERSION = YES;
				CLANG_WARN_OBJC_IMPLICIT_RETAIN_SELF = YES;
				CLANG_WARN_OBJC_LITERAL_CONVERSION = YES;
				CLANG_WARN_OBJC_ROOT_CLASS = YES_ERROR;
				CLANG_WARN_QUOTED_INCLUDE_IN_FRAMEWORK_HEADER = YES;
				CLANG_WARN_RANGE_LOOP_ANALYSIS = YES;
				CLANG_WARN_STRICT_PROTOTYPES = YES;
				CLANG_WARN_SUSPICIOUS_MOVE = YES;
				CLANG_WARN_UNGUARDED_AVAILABILITY = YES_AGGRESSIVE;
				CLANG_WARN_UNREACHABLE_CODE = YES;
				CLANG_WARN__DUPLICATE_METHOD_MATCH = YES;
				COPY_PHASE_STRIP = NO;
				DEBUG_INFORMATION_FORMAT = "dwarf-with-dsym";
				ENABLE_NS_ASSERTIONS = NO;
				ENABLE_STRICT_OBJC_MSGSEND = YES;
				ENABLE_USER_SCRIPT_SANDBOXING = YES;
				GCC_C_LANGUAGE_STANDARD = gnu17;
				GCC_NO_COMMON_BLOCKS = YES;
				GCC_WARN_64_TO_32_BIT_CONVERSION = YES;
				GCC_WARN_ABOUT_RETURN_TYPE = YES_ERROR;
				GCC_WARN_UNDECLARED_SELECTOR = YES;
				GCC_WARN_UNINITIALIZED_AUTOS = YES_AGGRESSIVE;
				GCC_WARN_UNUSED_FUNCTION = YES;
				GCC_WARN_UNUSED_VARIABLE = YES;
				LOCALIZATION_PREFERS_STRING_CATALOGS = YES;
				MACOSX_DEPLOYMENT_TARGET = 15.2;
				MTL_ENABLE_DEBUG_INFO = NO;
				MTL_FAST_MATH = YES;
				SDKROOT = macosx;
				SWIFT_COMPILATION_MODE = wholemodule;
			};
			name = Release;
		};
		DBE361322F31722E0094AABE /* Debug */ = {
			isa = XCBuildConfiguration;
			buildSettings = {
				ASSETCATALOG_COMPILER_APPICON_NAME = AppIcon;
				ASSETCATALOG_COMPILER_GLOBAL_ACCENT_COLOR_NAME = AccentColor;
				CODE_SIGN_ENTITLEMENTS = FocusOS/FocusOS.entitlements;
				CODE_SIGN_STYLE = Automatic;
				COMBINE_HIDPI_IMAGES = YES;
				CURRENT_PROJECT_VERSION = 1;
				DEVELOPMENT_ASSET_PATHS = "\"FocusOS/Preview Content\"";
				ENABLE_PREVIEWS = YES;
				GENERATE_INFOPLIST_FILE = YES;
				INFOPLIST_KEY_NSHumanReadableCopyright = "";
				LD_RUNPATH_SEARCH_PATHS = (
					"$(inherited)",
					"@executable_path/../Frameworks",
				);
				MARKETING_VERSION = 1.0;
				PRODUCT_BUNDLE_IDENTIFIER = test.FocusOS;
				PRODUCT_NAME = "$(TARGET_NAME)";
				SWIFT_EMIT_LOC_STRINGS = YES;
				SWIFT_VERSION = 5.0;
			};
			name = Debug;
		};
		DBE361332F31722E0094AABE /* Release */ = {
			isa = XCBuildConfiguration;
			buildSettings = {
				ASSETCATALOG_COMPILER_APPICON_NAME = AppIcon;
				ASSETCATALOG_COMPILER_GLOBAL_ACCENT_COLOR_NAME = AccentColor;
				CODE_SIGN_ENTITLEMENTS = FocusOS/FocusOS.entitlements;
				CODE_SIGN_STYLE = Automatic;
				COMBINE_HIDPI_IMAGES = YES;
				CURRENT_PROJECT_VERSION = 1;
				DEVELOPMENT_ASSET_PATHS = "\"FocusOS/Preview Content\"";
				ENABLE_PREVIEWS = YES;
				GENERATE_INFOPLIST_FILE = YES;
				INFOPLIST_KEY_NSHumanReadableCopyright = "";
				LD_RUNPATH_SEARCH_PATHS = (
					"$(inherited)",
					"@executable_path/../Frameworks",
				);
				MARKETING_VERSION = 1.0;
				PRODUCT_BUNDLE_IDENTIFIER = test.FocusOS;
				PRODUCT_NAME = "$(TARGET_NAME)";
				SWIFT_EMIT_LOC_STRINGS = YES;
				SWIFT_VERSION = 5.0;
			};
			name = Release;
		};
		DBE361352F31722E0094AABE /* Debug */ = {
			isa = XCBuildConfiguration;
			buildSettings = {
				BUNDLE_LOADER = "$(TEST_HOST)";
				CODE_SIGN_STYLE = Automatic;
				CURRENT_PROJECT_VERSION = 1;
				GENERATE_INFOPLIST_FILE = YES;
				MACOSX_DEPLOYMENT_TARGET = 15.2;
				MARKETING_VERSION = 1.0;
				PRODUCT_BUNDLE_IDENTIFIER = test.FocusOSTests;
				PRODUCT_NAME = "$(TARGET_NAME)";
				SWIFT_EMIT_LOC_STRINGS = NO;
				SWIFT_VERSION = 5.0;
				TEST_HOST = "$(BUILT_PRODUCTS_DIR)/FocusOS.app/$(BUNDLE_EXECUTABLE_FOLDER_PATH)/FocusOS";
			};
			name = Debug;
		};
		DBE361362F31722E0094AABE /* Release */ = {
			isa = XCBuildConfiguration;
			buildSettings = {
				BUNDLE_LOADER = "$(TEST_HOST)";
				CODE_SIGN_STYLE = Automatic;
				CURRENT_PROJECT_VERSION = 1;
				GENERATE_INFOPLIST_FILE = YES;
				MACOSX_DEPLOYMENT_TARGET = 15.2;
				MARKETING_VERSION = 1.0;
				PRODUCT_BUNDLE_IDENTIFIER = test.FocusOSTests;
				PRODUCT_NAME = "$(TARGET_NAME)";
				SWIFT_EMIT_LOC_STRINGS = NO;
				SWIFT_VERSION = 5.0;
				TEST_HOST = "$(BUILT_PRODUCTS_DIR)/FocusOS.app/$(BUNDLE_EXECUTABLE_FOLDER_PATH)/FocusOS";
			};
			name = Release;
		};
		DBE361382F31722E0094AABE /* Debug */ = {
			isa = XCBuildConfiguration;
			buildSettings = {
				CODE_SIGN_STYLE = Automatic;
				CURRENT_PROJECT_VERSION = 1;
				GENERATE_INFOPLIST_FILE = YES;
				MARKETING_VERSION = 1.0;
				PRODUCT_BUNDLE_IDENTIFIER = test.FocusOSUITests;
				PRODUCT_NAME = "$(TARGET_NAME)";
				SWIFT_EMIT_LOC_STRINGS = NO;
				SWIFT_VERSION = 5.0;
				TEST_TARGET_NAME = FocusOS;
			};
			name = Debug;
		};
		DBE361392F31722E0094AABE /* Release */ = {
			isa = XCBuildConfiguration;
			buildSettings = {
				CODE_SIGN_STYLE = Automatic;
				CURRENT_PROJECT_VERSION = 1;
				GENERATE_INFOPLIST_FILE = YES;
				MARKETING_VERSION = 1.0;
				PRODUCT_BUNDLE_IDENTIFIER = test.FocusOSUITests;
				PRODUCT_NAME = "$(TARGET_NAME)";
				SWIFT_EMIT_LOC_STRINGS = NO;
				SWIFT_VERSION = 5.0;
				TEST_TARGET_NAME = FocusOS;
			};
			name = Release;
		};
/* End XCBuildConfiguration section */

/* Begin XCConfigurationList section */
		DBE361072F31722D0094AABE /* Build configuration list for PBXProject "FocusOS" */ = {
			isa = XCConfigurationList;
			buildConfigurations = (
				DBE3612F2F31722E0094AABE /* Debug */,
				DBE361302F31722E0094AABE /* Release */,
			);
			defaultConfigurationIsVisible = 0;
			defaultConfigurationName = Release;
		};
		DBE361312F31722E0094AABE /* Build configuration list for PBXNativeTarget "FocusOS" */ = {
			isa = XCConfigurationList;
			buildConfigurations = (
				DBE361322F31722E0094AABE /* Debug */,
				DBE361332F31722E0094AABE /* Release */,
			);
			defaultConfigurationIsVisible = 0;
			defaultConfigurationName = Release;
		};
		DBE361342F31722E0094AABE /* Build configuration list for PBXNativeTarget "FocusOSTests" */ = {
			isa = XCConfigurationList;
			buildConfigurations = (
				DBE361352F31722E0094AABE /* Debug */,
				DBE361362F31722E0094AABE /* Release */,
			);
			defaultConfigurationIsVisible = 0;
			defaultConfigurationName = Release;
		};
		DBE361372F31722E0094AABE /* Build configuration list for PBXNativeTarget "FocusOSUITests" */ = {
			isa = XCConfigurationList;
			buildConfigurations = (
				DBE361382F31722E0094AABE /* Debug */,
				DBE361392F31722E0094AABE /* Release */,
			);
			defaultConfigurationIsVisible = 0;
			defaultConfigurationName = Release;
		};
/* End XCConfigurationList section */
	};
	rootObject = DBE361042F31722D0094AABE /* Project object */;
}
